
Microsoft Visual Studio Solution File, Format Version 12.00
# Visual Studio Version 17
VisualStudioVersion = 17.6.33829.357
MinimumVisualStudioVersion = 10.0.40219.1
Project("{FAE04EC0-301F-11D3-BF4B-00C04F79EFBC}") = "DZ_13", "DZ_13\DZ_13.csproj", "{CD7B4C84-6E30-4494-99A8-58D29107CCEC}"
EndProject
Global
	GlobalSection(SolutionConfigurationPlatforms) = preSolution
		Debug|Any CPU = Debug|Any CPU
		Release|Any CPU = Release|Any CPU
	EndGlobalSection
	GlobalSection(ProjectConfigurationPlatforms) = postSolution
		{CD7B4C84-6E30-4494-99A8-58D29107CCEC}.Debug|Any CPU.ActiveCfg = Debug|Any CPU
		{CD7B4C84-6E30-4494-99A8-58D29107CCEC}.Debug|Any CPU.Build.0 = Debug|Any CPU
		{CD7B4C84-6E30-4494-99A8-58D29107CCEC}.Release|Any CPU.ActiveCfg = Release|Any CPU
		{CD7B4C84-6E30-4494-99A8-58D29107CCEC}.Release|Any CPU.Build.0 = Release|Any CPU
	EndGlobalSection
	GlobalSection(SolutionProperties) = preSolution
		HideSolutionNode = FALSE
	EndGlobalSection
	GlobalSection(ExtensibilityGlobals) = postSolution
		SolutionGuid = {EC985D7C-FCBB-415E-85A5-CE94269BFDAF}
	EndGlobalSection
EndGlobal
